
Microsoft Visual Studio Solution File, Format Version 12.00
# Visual Studio Version 17
VisualStudioVersion = 17.2.32519.379
MinimumVisualStudioVersion = 10.0.40219.1
Project("{FAE04EC0-301F-11D3-BF4B-00C04F79EFBC}") = "A1E1", "Exercicio1\A1E1.csproj", "{DC924481-6E5F-40B7-9038-A82AF3D35679}"
EndProject
Project("{FAE04EC0-301F-11D3-BF4B-00C04F79EFBC}") = "A1E2", "A1E2\A1E2.csproj", "{E3C9202B-6516-42AB-BB1A-D8650914DDEA}"
EndProject
Project("{FAE04EC0-301F-11D3-BF4B-00C04F79EFBC}") = "A1E3", "A1E3\A1E3.csproj", "{3DB1FF4B-F77D-49EE-97F3-5D55996BBB73}"
EndProject
Project("{FAE04EC0-301F-11D3-BF4B-00C04F79EFBC}") = "A2E1", "A2E1\A2E1.csproj", "{0B0AB9F1-BDDB-4A25-B51D-AFF1E899DB06}"
EndProject
Project("{FAE04EC0-301F-11D3-BF4B-00C04F79EFBC}") = "A2E2", "A2E2\A2E2.csproj", "{9F41F7C2-985B-472F-BB35-E64F169BC7D8}"
EndProject
Project("{FAE04EC0-301F-11D3-BF4B-00C04F79EFBC}") = "A2E3", "A2E3\A2E3.csproj", "{3495ED16-61F7-4F6E-B8FB-18E90A9B6641}"
EndProject
Project("{FAE04EC0-301F-11D3-BF4B-00C04F79EFBC}") = "A2E4", "A2E4\A2E4.csproj", "{6AC7D9B9-95ED-45C5-B463-BAF7674FECB6}"
EndProject
Project("{FAE04EC0-301F-11D3-BF4B-00C04F79EFBC}") = "A2E5", "A2E5\A2E5.csproj", "{75184120-52C2-4654-AC46-7A8AB4402D50}"
EndProject
Project("{FAE04EC0-301F-11D3-BF4B-00C04F79EFBC}") = "A1E4", "A1E4\A1E4.csproj", "{9D14B083-8A65-4588-A059-DABD9CF3E083}"
EndProject
Project("{FAE04EC0-301F-11D3-BF4B-00C04F79EFBC}") = "A3E1", "A3E1\A3E1.csproj", "{48999F53-D018-405D-91D7-26E63672D826}"
EndProject
Project("{FAE04EC0-301F-11D3-BF4B-00C04F79EFBC}") = "A3E2", "A3E2\A3E2.csproj", "{1E55AABC-B469-45FF-ABED-131A6DBBDDB9}"
EndProject
Project("{FAE04EC0-301F-11D3-BF4B-00C04F79EFBC}") = "A3E3", "A3E3\A3E3.csproj", "{DC26A0DD-955F-498E-ABDD-61162AAD942E}"
EndProject
Project("{FAE04EC0-301F-11D3-BF4B-00C04F79EFBC}") = "A3E4", "A3E4\A3E4.csproj", "{30C7F4EC-B120-42E6-A0CC-0E9D28B8CD2B}"
EndProject
Project("{FAE04EC0-301F-11D3-BF4B-00C04F79EFBC}") = "A3E5", "A3E5\A3E5.csproj", "{D0E96D3E-6B1D-4874-9272-4925E2F1EC15}"
EndProject
Global
	GlobalSection(SolutionConfigurationPlatforms) = preSolution
		Debug|Any CPU = Debug|Any CPU
		Release|Any CPU = Release|Any CPU
	EndGlobalSection
	GlobalSection(ProjectConfigurationPlatforms) = postSolution
		{DC924481-6E5F-40B7-9038-A82AF3D35679}.Debug|Any CPU.ActiveCfg = Debug|Any CPU
		{DC924481-6E5F-40B7-9038-A82AF3D35679}.Debug|Any CPU.Build.0 = Debug|Any CPU
		{DC924481-6E5F-40B7-9038-A82AF3D35679}.Release|Any CPU.ActiveCfg = Release|Any CPU
		{DC924481-6E5F-40B7-9038-A82AF3D35679}.Release|Any CPU.Build.0 = Release|Any CPU
		{E3C9202B-6516-42AB-BB1A-D8650914DDEA}.Debug|Any CPU.ActiveCfg = Debug|Any CPU
		{E3C9202B-6516-42AB-BB1A-D8650914DDEA}.Debug|Any CPU.Build.0 = Debug|Any CPU
		{E3C9202B-6516-42AB-BB1A-D8650914DDEA}.Release|Any CPU.ActiveCfg = Release|Any CPU
		{E3C9202B-6516-42AB-BB1A-D8650914DDEA}.Release|Any CPU.Build.0 = Release|Any CPU
		{3DB1FF4B-F77D-49EE-97F3-5D55996BBB73}.Debug|Any CPU.ActiveCfg = Debug|Any CPU
		{3DB1FF4B-F77D-49EE-97F3-5D55996BBB73}.Debug|Any CPU.Build.0 = Debug|Any CPU
		{3DB1FF4B-F77D-49EE-97F3-5D55996BBB73}.Release|Any CPU.ActiveCfg = Release|Any CPU
		{3DB1FF4B-F77D-49EE-97F3-5D55996BBB73}.Release|Any CPU.Build.0 = Release|Any CPU
		{0B0AB9F1-BDDB-4A25-B51D-AFF1E899DB06}.Debug|Any CPU.ActiveCfg = Debug|Any CPU
		{0B0AB9F1-BDDB-4A25-B51D-AFF1E899DB06}.Debug|Any CPU.Build.0 = Debug|Any CPU
		{0B0AB9F1-BDDB-4A25-B51D-AFF1E899DB06}.Release|Any CPU.ActiveCfg = Release|Any CPU
		{0B0AB9F1-BDDB-4A25-B51D-AFF1E899DB06}.Release|Any CPU.Build.0 = Release|Any CPU
		{9F41F7C2-985B-472F-BB35-E64F169BC7D8}.Debug|Any CPU.ActiveCfg = Debug|Any CPU
		{9F41F7C2-985B-472F-BB35-E64F169BC7D8}.Debug|Any CPU.Build.0 = Debug|Any CPU
		{9F41F7C2-985B-472F-BB35-E64F169BC7D8}.Release|Any CPU.ActiveCfg = Release|Any CPU
		{9F41F7C2-985B-472F-BB35-E64F169BC7D8}.Release|Any CPU.Build.0 = Release|Any CPU
		{3495ED16-61F7-4F6E-B8FB-18E90A9B6641}.Debug|Any CPU.ActiveCfg = Debug|Any CPU
		{3495ED16-61F7-4F6E-B8FB-18E90A9B6641}.Debug|Any CPU.Build.0 = Debug|Any CPU
		{3495ED16-61F7-4F6E-B8FB-18E90A9B6641}.Release|Any CPU.ActiveCfg = Release|Any CPU
		{3495ED16-61F7-4F6E-B8FB-18E90A9B6641}.Release|Any CPU.Build.0 = Release|Any CPU
		{6AC7D9B9-95ED-45C5-B463-BAF7674FECB6}.Debug|Any CPU.ActiveCfg = Debug|Any CPU
		{6AC7D9B9-95ED-45C5-B463-BAF7674FECB6}.Debug|Any CPU.Build.0 = Debug|Any CPU
		{6AC7D9B9-95ED-45C5-B463-BAF7674FECB6}.Release|Any CPU.ActiveCfg = Release|Any CPU
		{6AC7D9B9-95ED-45C5-B463-BAF7674FECB6}.Release|Any CPU.Build.0 = Release|Any CPU
		{75184120-52C2-4654-AC46-7A8AB4402D50}.Debug|Any CPU.ActiveCfg = Debug|Any CPU
		{75184120-52C2-4654-AC46-7A8AB4402D50}.Debug|Any CPU.Build.0 = Debug|Any CPU
		{75184120-52C2-4654-AC46-7A8AB4402D50}.Release|Any CPU.ActiveCfg = Release|Any CPU
		{75184120-52C2-4654-AC46-7A8AB4402D50}.Release|Any CPU.Build.0 = Release|Any CPU
		{9D14B083-8A65-4588-A059-DABD9CF3E083}.Debug|Any CPU.ActiveCfg = Debug|Any CPU
		{9D14B083-8A65-4588-A059-DABD9CF3E083}.Debug|Any CPU.Build.0 = Debug|Any CPU
		{9D14B083-8A65-4588-A059-DABD9CF3E083}.Release|Any CPU.ActiveCfg = Release|Any CPU
		{9D14B083-8A65-4588-A059-DABD9CF3E083}.Release|Any CPU.Build.0 = Release|Any CPU
		{48999F53-D018-405D-91D7-26E63672D826}.Debug|Any CPU.ActiveCfg = Debug|Any CPU
		{48999F53-D018-405D-91D7-26E63672D826}.Debug|Any CPU.Build.0 = Debug|Any CPU
		{48999F53-D018-405D-91D7-26E63672D826}.Release|Any CPU.ActiveCfg = Release|Any CPU
		{48999F53-D018-405D-91D7-26E63672D826}.Release|Any CPU.Build.0 = Release|Any CPU
		{1E55AABC-B469-45FF-ABED-131A6DBBDDB9}.Debug|Any CPU.ActiveCfg = Debug|Any CPU
		{1E55AABC-B469-45FF-ABED-131A6DBBDDB9}.Debug|Any CPU.Build.0 = Debug|Any CPU
		{1E55AABC-B469-45FF-ABED-131A6DBBDDB9}.Release|Any CPU.ActiveCfg = Release|Any CPU
		{1E55AABC-B469-45FF-ABED-131A6DBBDDB9}.Release|Any CPU.Build.0 = Release|Any CPU
		{DC26A0DD-955F-498E-ABDD-61162AAD942E}.Debug|Any CPU.ActiveCfg = Debug|Any CPU
		{DC26A0DD-955F-498E-ABDD-61162AAD942E}.Debug|Any CPU.Build.0 = Debug|Any CPU
		{DC26A0DD-955F-498E-ABDD-61162AAD942E}.Release|Any CPU.ActiveCfg = Release|Any CPU
		{DC26A0DD-955F-498E-ABDD-61162AAD942E}.Release|Any CPU.Build.0 = Release|Any CPU
		{30C7F4EC-B120-42E6-A0CC-0E9D28B8CD2B}.Debug|Any CPU.ActiveCfg = Debug|Any CPU
		{30C7F4EC-B120-42E6-A0CC-0E9D28B8CD2B}.Debug|Any CPU.Build.0 = Debug|Any CPU
		{30C7F4EC-B120-42E6-A0CC-0E9D28B8CD2B}.Release|Any CPU.ActiveCfg = Release|Any CPU
		{30C7F4EC-B120-42E6-A0CC-0E9D28B8CD2B}.Release|Any CPU.Build.0 = Release|Any CPU
		{D0E96D3E-6B1D-4874-9272-4925E2F1EC15}.Debug|Any CPU.ActiveCfg = Debug|Any CPU
		{D0E96D3E-6B1D-4874-9272-4925E2F1EC15}.Debug|Any CPU.Build.0 = Debug|Any CPU
		{D0E96D3E-6B1D-4874-9272-4925E2F1EC15}.Release|Any CPU.ActiveCfg = Release|Any CPU
		{D0E96D3E-6B1D-4874-9272-4925E2F1EC15}.Release|Any CPU.Build.0 = Release|Any CPU
	EndGlobalSection
	GlobalSection(SolutionProperties) = preSolution
		HideSolutionNode = FALSE
	EndGlobalSection
	GlobalSection(ExtensibilityGlobals) = postSolution
		SolutionGuid = {8732B747-27DE-4499-B3AF-07171099D7C4}
	EndGlobalSection
EndGlobal
